
Microsoft Visual Studio Solution File, Format Version 12.00
# Visual Studio 15
VisualStudioVersion = 15.0.28010.2036
MinimumVisualStudioVersion = 10.0.40219.1
Project("{FAE04EC0-301F-11D3-BF4B-00C04F79EFBC}") = "VncSharpExampleCS", "VncSharpExampleCS\VncSharpExampleCS.csproj", "{E36FC4D2-4E6C-4905-8FD8-D604F9772F3A}"
EndProject
Project("{FAE04EC0-301F-11D3-BF4B-00C04F79EFBC}") = "VncSharp", "..\..\vncsharp-1.0-src\VncSharp\VncSharp.csproj", "{E0695F0F-0FAF-44BC-AE55-A1FCBFE70271}"
EndProject
Project("{FAE04EC0-301F-11D3-BF4B-00C04F79EFBC}") = "ClientClientProxy", "..\..\ClientClientProxy\ClientClientProxy.csproj", "{DC365147-6FC3-4AB8-9BB8-E4B53624615D}"
EndProject
Project("{FAE04EC0-301F-11D3-BF4B-00C04F79EFBC}") = "OriginalProxy", "..\..\OriginalProxy\OriginalProxy.csproj", "{883F44BC-9A17-4551-9691-A82E7367FD9B}"
EndProject
Project("{FAE04EC0-301F-11D3-BF4B-00C04F79EFBC}") = "ServerServerProxy", "..\..\ServerServerProxy\ServerServerProxy.csproj", "{F899D6CD-71AA-480D-BB5D-03A58E6432DB}"
EndProject
Global
	GlobalSection(SolutionConfigurationPlatforms) = preSolution
		Debug|Any CPU = Debug|Any CPU
		Release|Any CPU = Release|Any CPU
	EndGlobalSection
	GlobalSection(ProjectConfigurationPlatforms) = postSolution
		{E36FC4D2-4E6C-4905-8FD8-D604F9772F3A}.Debug|Any CPU.ActiveCfg = Debug|Any CPU
		{E36FC4D2-4E6C-4905-8FD8-D604F9772F3A}.Debug|Any CPU.Build.0 = Debug|Any CPU
		{E36FC4D2-4E6C-4905-8FD8-D604F9772F3A}.Release|Any CPU.ActiveCfg = Release|Any CPU
		{E36FC4D2-4E6C-4905-8FD8-D604F9772F3A}.Release|Any CPU.Build.0 = Release|Any CPU
		{E0695F0F-0FAF-44BC-AE55-A1FCBFE70271}.Debug|Any CPU.ActiveCfg = Debug|Any CPU
		{E0695F0F-0FAF-44BC-AE55-A1FCBFE70271}.Debug|Any CPU.Build.0 = Debug|Any CPU
		{E0695F0F-0FAF-44BC-AE55-A1FCBFE70271}.Release|Any CPU.ActiveCfg = Release|Any CPU
		{E0695F0F-0FAF-44BC-AE55-A1FCBFE70271}.Release|Any CPU.Build.0 = Release|Any CPU
		{DC365147-6FC3-4AB8-9BB8-E4B53624615D}.Debug|Any CPU.ActiveCfg = Debug|Any CPU
		{DC365147-6FC3-4AB8-9BB8-E4B53624615D}.Debug|Any CPU.Build.0 = Debug|Any CPU
		{DC365147-6FC3-4AB8-9BB8-E4B53624615D}.Release|Any CPU.ActiveCfg = Release|Any CPU
		{DC365147-6FC3-4AB8-9BB8-E4B53624615D}.Release|Any CPU.Build.0 = Release|Any CPU
		{883F44BC-9A17-4551-9691-A82E7367FD9B}.Debug|Any CPU.ActiveCfg = Debug|Any CPU
		{883F44BC-9A17-4551-9691-A82E7367FD9B}.Debug|Any CPU.Build.0 = Debug|Any CPU
		{883F44BC-9A17-4551-9691-A82E7367FD9B}.Release|Any CPU.ActiveCfg = Release|Any CPU
		{883F44BC-9A17-4551-9691-A82E7367FD9B}.Release|Any CPU.Build.0 = Release|Any CPU
		{F899D6CD-71AA-480D-BB5D-03A58E6432DB}.Debug|Any CPU.ActiveCfg = Debug|Any CPU
		{F899D6CD-71AA-480D-BB5D-03A58E6432DB}.Debug|Any CPU.Build.0 = Debug|Any CPU
		{F899D6CD-71AA-480D-BB5D-03A58E6432DB}.Release|Any CPU.ActiveCfg = Release|Any CPU
		{F899D6CD-71AA-480D-BB5D-03A58E6432DB}.Release|Any CPU.Build.0 = Release|Any CPU
	EndGlobalSection
	GlobalSection(SolutionProperties) = preSolution
		HideSolutionNode = FALSE
	EndGlobalSection
	GlobalSection(ExtensibilityGlobals) = postSolution
		SolutionGuid = {B92BDC2F-088C-4EF2-B939-50BAF9BEE8B6}
	EndGlobalSection
EndGlobal
